
Microsoft Visual Studio Solution File, Format Version 12.00
# Visual Studio Version 17
VisualStudioVersion = 17.3.32825.248
MinimumVisualStudioVersion = 10.0.40219.1
Project("{2150E333-8FDC-42A3-9474-1A3956D46DE8}") = "AdventOfCode", "AdventOfCode", "{1DCEBEC7-D2C2-48AF-885C-A73C21EA9B03}"
EndProject
Project("{2150E333-8FDC-42A3-9474-1A3956D46DE8}") = "2020", "2020", "{B284ACEC-71A7-47FA-A6AA-F591E86B7DA7}"
EndProject
Project("{9A19103F-16F7-4668-BE54-9A1E7A4F7556}") = "DEC_01", "AdventOfCode\2020\DEC_01\DEC_01.csproj", "{BFF5F0A5-6DB0-4BD4-ACD7-DE2350430F51}"
EndProject
Project("{2150E333-8FDC-42A3-9474-1A3956D46DE8}") = "algorithms", "algorithms", "{1CDA424A-9E8C-45EC-87A5-E41974578A6F}"
EndProject
Project("{9A19103F-16F7-4668-BE54-9A1E7A4F7556}") = "json dynamic deserialize", "algorithms\json dynamic deserialize\json dynamic deserialize.csproj", "{7D645DF5-D61D-4768-AE36-CB16F2D365EB}"
EndProject
Project("{2150E333-8FDC-42A3-9474-1A3956D46DE8}") = "lib", "lib", "{D7C9F7E1-F74B-4262-963A-F5E2C59210A1}"
EndProject
Project("{9A19103F-16F7-4668-BE54-9A1E7A4F7556}") = "commonUtilitiesLib", "lib\commonUtilitiesLib\commonUtilitiesLib.csproj", "{34D2105A-697A-4B90-8CAC-C0E0CE96BC2D}"
EndProject
Project("{9A19103F-16F7-4668-BE54-9A1E7A4F7556}") = "testCommonUtilitiesLib", "lib\testCommonUtilitiesLib\testCommonUtilitiesLib.csproj", "{7D5A0A15-3BDF-4559-B56F-91E4F9B01AAC}"
EndProject
Project("{2150E333-8FDC-42A3-9474-1A3956D46DE8}") = "network", "network", "{EDF3E74C-7B27-483A-AE6F-D6D2DD04C926}"
EndProject
Project("{2150E333-8FDC-42A3-9474-1A3956D46DE8}") = "curl", "curl", "{E08C0022-5E75-43A5-A275-4093AD67AFE1}"
EndProject
Project("{9A19103F-16F7-4668-BE54-9A1E7A4F7556}") = "curl_01_basicPInvokeTest", "network\curl\curl_01_basicPInvokeTest\curl_01_basicPInvokeTest.csproj", "{A5273C35-4AD9-4888-80E2-F1427A2C2B79}"
EndProject
Project("{2150E333-8FDC-42A3-9474-1A3956D46DE8}") = "Utilities", "Utilities", "{7C05CBAA-DC1F-4C88-AA68-A6D75FB4FDBA}"
EndProject
Project("{2150E333-8FDC-42A3-9474-1A3956D46DE8}") = "Folder_Comparison", "Folder_Comparison", "{554C4964-EFB3-49BE-9DCD-A497BF1826E2}"
EndProject
Project("{9A19103F-16F7-4668-BE54-9A1E7A4F7556}") = "Filename without Ext compare", "Utilities\Folder_Comparison\Filename without Ext compare\Filename without Ext compare.csproj", "{3E13A2F5-C7D4-4FF2-AE82-EA88AA2884BF}"
EndProject
Project("{9A19103F-16F7-4668-BE54-9A1E7A4F7556}") = "Rename every file in folder", "Utilities\Folder_Comparison\Rename every file in folder\Rename every file in folder.csproj", "{AE2F4884-4B49-4823-8DA6-3B15B063643E}"
EndProject
Project("{2150E333-8FDC-42A3-9474-1A3956D46DE8}") = "Test", "Test", "{828B3AA9-4B53-48DE-9698-CB28DEB054E8}"
EndProject
Project("{2150E333-8FDC-42A3-9474-1A3956D46DE8}") = "blazor.desktop", "blazor.desktop", "{4E505499-A785-4CB4-9F65-F65600D56757}"
EndProject
Project("{9A19103F-16F7-4668-BE54-9A1E7A4F7556}") = "blazor.desktop.Hello-World", "Test\blazor.desktop\blazor.desktop.1.Hello-World\blazor.desktop.Hello-World.csproj", "{1C41934D-DF50-411E-A1CB-508FE74B4C67}"
EndProject
Project("{9A19103F-16F7-4668-BE54-9A1E7A4F7556}") = "blazor.desktop.2.Photino.Hello-World", "Test\blazor.desktop\blazor.desktop.2.Photino.Hello-World\blazor.desktop.2.Photino.Hello-World.csproj", "{9B9BF3EE-41FF-497E-96E2-A5961F42C036}"
EndProject
Project("{2150E333-8FDC-42A3-9474-1A3956D46DE8}") = "blazor.server", "blazor.server", "{6344FBF9-3E4D-4EE3-8527-0241B10FC0FC}"
EndProject
Project("{9A19103F-16F7-4668-BE54-9A1E7A4F7556}") = "_1_BlazorServer_HelloWorld", "Test\blazor.server\_1_BlazorServer_HelloWorld\_1_BlazorServer_HelloWorld.csproj", "{EC230635-8F74-4132-A6EE-2E1B23D13196}"
EndProject
Project("{9A19103F-16F7-4668-BE54-9A1E7A4F7556}") = "_2_BlazorServer_Routing", "Test\blazor.server\_2_BlazorServer_Routing\_2_BlazorServer_Routing.csproj", "{B7BA1DF3-996C-4B67-97F3-351300CA85BB}"
EndProject
Project("{9A19103F-16F7-4668-BE54-9A1E7A4F7556}") = "_3_BlazorServer_ControlTesting", "Test\blazor.server\_3_BlazorServer_ControlTesting\_3_BlazorServer_ControlTesting.csproj", "{F830E16B-2207-4C42-A933-3223680A2A1D}"
EndProject
Project("{2150E333-8FDC-42A3-9474-1A3956D46DE8}") = "PDF", "PDF", "{F1A3729A-B70D-41F0-BFDB-9365F8055D18}"
EndProject
Project("{9A19103F-16F7-4668-BE54-9A1E7A4F7556}") = "PDF Viewer Via Image", "Test\PDF\PDF Viewer Via Image\PDF Viewer Via Image.csproj", "{432954CB-B4C6-4C7C-B47B-CD70CEAEE24B}"
EndProject
Project("{9A19103F-16F7-4668-BE54-9A1E7A4F7556}") = "Test Readline", "Test\Test Readline\Test Readline.csproj", "{A9DD6565-F34C-4D08-BC8E-51172A3985AE}"
EndProject
Project("{2150E333-8FDC-42A3-9474-1A3956D46DE8}") = "UI", "UI", "{6F4C71DE-A002-4DA0-8ABA-89167FC6E8AC}"
EndProject
Project("{9A19103F-16F7-4668-BE54-9A1E7A4F7556}") = "Avalonia.ItemsControl.SimpleTesT.AddItemWithButton", "Test\UI\Avalonia.ItemsControl.SimpleTesT.AddItemWithButton\Avalonia.ItemsControl.SimpleTesT.AddItemWithButton.csproj", "{16B45F22-523A-4EC5-AA00-E8CFDB7CB036}"
EndProject
Project("{9A19103F-16F7-4668-BE54-9A1E7A4F7556}") = "Avalonia Datagrid Testing1", "Test\UI\Avalonia Datagrid Testing1\Avalonia Datagrid Testing1.csproj", "{A774B381-21C5-471B-B572-8E17A0A43F80}"
EndProject
Project("{9A19103F-16F7-4668-BE54-9A1E7A4F7556}") = "Avalonia_DataGrid_CellTemplateTesting", "Test\UI\Avalonia_DataGrid_CellTemplateTesting\Avalonia_DataGrid_CellTemplateTesting.csproj", "{603D5BAA-DF94-4904-A143-0D14C29F5B3E}"
EndProject
Project("{9A19103F-16F7-4668-BE54-9A1E7A4F7556}") = "simple nacForms Test", "Test\UI\simple nacForms Test\simple nacForms Test.csproj", "{BA8489D8-D62C-45B3-A063-C627F2B3A3A2}"
EndProject
Project("{2150E333-8FDC-42A3-9474-1A3956D46DE8}") = "charts", "charts", "{EA6BC770-69DF-4B33-87A3-AECBE6874A6F}"
EndProject
Project("{2150E333-8FDC-42A3-9474-1A3956D46DE8}") = "plotly", "plotly", "{E8DDEAF7-6B7A-43F2-9888-6E011C92DD05}"
EndProject
Project("{9A19103F-16F7-4668-BE54-9A1E7A4F7556}") = "_01_basicChartDIsplay", "charts\plotly\_01_basicChartDIsplay\_01_basicChartDIsplay.csproj", "{2AE72780-9BF6-4F2A-8AC9-45A3ACB12E2C}"
EndProject
Project("{2150E333-8FDC-42A3-9474-1A3956D46DE8}") = "WebBrowser", "WebBrowser", "{0F02CA9E-53D8-4254-8786-A512C030A203}"
EndProject
Project("{2150E333-8FDC-42A3-9474-1A3956D46DE8}") = "Photino", "Photino", "{A10AF286-AE83-493E-B834-192AA35594B5}"
EndProject
Project("{9A19103F-16F7-4668-BE54-9A1E7A4F7556}") = "_01_Photino_WebBrowser_BasicTest", "Test\WebBrowser\Photino\_01_Photino_WebBrowser_BasicTest\_01_Photino_WebBrowser_BasicTest.csproj", "{BDC74C5B-3EB7-477B-96FF-471A9F5815BD}"
EndProject
Project("{2150E333-8FDC-42A3-9474-1A3956D46DE8}") = "puppeteerSharp", "puppeteerSharp", "{95A45251-3F88-4B5F-9E0F-F1FD04B4F4FF}"
EndProject
Project("{9A19103F-16F7-4668-BE54-9A1E7A4F7556}") = "_01_PuppeteerSharpTest01", "Test\WebBrowser\puppeteerSharp\_01_PuppeteerSharpTest01\_01_PuppeteerSharpTest01.csproj", "{3A1132E6-5DC5-4912-8212-4D4E2F44D7E9}"
EndProject
Project("{9A19103F-16F7-4668-BE54-9A1E7A4F7556}") = "_02_PlotlyOutputToConsole", "charts\plotly\_02_PlotlyOutputToConsole\_02_PlotlyOutputToConsole.csproj", "{D47F52D8-1FAC-45B9-8A0A-C04B9E7A9285}"
EndProject
Project("{9A19103F-16F7-4668-BE54-9A1E7A4F7556}") = "_02_PuppeteerFindRunningChromeInstance", "Test\WebBrowser\puppeteerSharp\_02_PuppeteerFindRunningChromeInstance\_02_PuppeteerFindRunningChromeInstance.csproj", "{B1614F1C-974F-4674-BDA5-224CC7C01C24}"
EndProject
Project("{9A19103F-16F7-4668-BE54-9A1E7A4F7556}") = "Tests_MSTest", "Test\Tests_MSTest\Tests_MSTest.csproj", "{A2A90468-D7F4-47B1-93AE-8972F98F54EC}"
EndProject
Project("{2150E333-8FDC-42A3-9474-1A3956D46DE8}") = "WindowsOnly", "WindowsOnly", "{28F728EF-1A6A-4CA7-9B4F-D0214A2854BC}"
EndProject
Project("{FAE04EC0-301F-11D3-BF4B-00C04F79EFBC}") = "WindowsClipboardManager", "Utilities\WindowsOnly\WindowsClipboardManager\WindowsClipboardManager.csproj", "{C9826F09-CD81-4633-ADC0-D3FFE0B87D23}"
EndProject
Project("{2150E333-8FDC-42A3-9474-1A3956D46DE8}") = "aspnet", "aspnet", "{99CB7799-DC3F-4792-B561-0529E1B6A6F3}"
EndProject
Project("{FAE04EC0-301F-11D3-BF4B-00C04F79EFBC}") = "aspnetCore_WebAPI_01HelloWorld", "Test\aspnetCore_WebAPI_01HelloWorld\aspnetCore_WebAPI_01HelloWorld.csproj", "{07D53717-62E1-4A10-BA17-0D93A8012987}"
EndProject
Project("{FAE04EC0-301F-11D3-BF4B-00C04F79EFBC}") = "GitRepoFinder", "Utilities\GitRepoFinder\GitRepoFinder.csproj", "{2399B952-A452-40F6-A86B-2F3771D61F8C}"
EndProject
Project("{2150E333-8FDC-42A3-9474-1A3956D46DE8}") = "database", "database", "{271F5C6C-D9AF-4BB8-BF4A-D7BF6D8C3853}"
EndProject
Project("{2150E333-8FDC-42A3-9474-1A3956D46DE8}") = "sqlite", "sqlite", "{C64C0822-F628-4BDE-B2BF-CF20FE31E8D6}"
EndProject
Project("{FAE04EC0-301F-11D3-BF4B-00C04F79EFBC}") = "sqliteEFCoreTest", "database\sqlite\sqliteEFCoreTest\sqliteEFCoreTest.csproj", "{F1A87775-126D-475A-9F7C-EFF61653EC3F}"
EndProject
Project("{FAE04EC0-301F-11D3-BF4B-00C04F79EFBC}") = "aspnetCore_RazorPages_HelloWorld", "Test\aspnet\aspnetCore_RazorPages_HelloWorld\aspnetCore_RazorPages_HelloWorld.csproj", "{9AF07DDA-05BD-4F22-9A36-7E97F48C5026}"
EndProject
Project("{FAE04EC0-301F-11D3-BF4B-00C04F79EFBC}") = "aspnetCore_MicrosoftLoginTest", "Test\aspnet\aspnetCore_MicrosoftLoginTest\aspnetCore_MicrosoftLoginTest.csproj", "{676BC792-223E-4E63-AC25-A2A544B581A4}"
EndProject
Global
	GlobalSection(SolutionConfigurationPlatforms) = preSolution
		Debug|Any CPU = Debug|Any CPU
		Release|Any CPU = Release|Any CPU
	EndGlobalSection
	GlobalSection(ProjectConfigurationPlatforms) = postSolution
		{BFF5F0A5-6DB0-4BD4-ACD7-DE2350430F51}.Debug|Any CPU.ActiveCfg = Debug|Any CPU
		{BFF5F0A5-6DB0-4BD4-ACD7-DE2350430F51}.Debug|Any CPU.Build.0 = Debug|Any CPU
		{BFF5F0A5-6DB0-4BD4-ACD7-DE2350430F51}.Release|Any CPU.ActiveCfg = Release|Any CPU
		{BFF5F0A5-6DB0-4BD4-ACD7-DE2350430F51}.Release|Any CPU.Build.0 = Release|Any CPU
		{7D645DF5-D61D-4768-AE36-CB16F2D365EB}.Debug|Any CPU.ActiveCfg = Debug|Any CPU
		{7D645DF5-D61D-4768-AE36-CB16F2D365EB}.Debug|Any CPU.Build.0 = Debug|Any CPU
		{7D645DF5-D61D-4768-AE36-CB16F2D365EB}.Release|Any CPU.ActiveCfg = Release|Any CPU
		{7D645DF5-D61D-4768-AE36-CB16F2D365EB}.Release|Any CPU.Build.0 = Release|Any CPU
		{34D2105A-697A-4B90-8CAC-C0E0CE96BC2D}.Debug|Any CPU.ActiveCfg = Debug|Any CPU
		{34D2105A-697A-4B90-8CAC-C0E0CE96BC2D}.Debug|Any CPU.Build.0 = Debug|Any CPU
		{34D2105A-697A-4B90-8CAC-C0E0CE96BC2D}.Release|Any CPU.ActiveCfg = Release|Any CPU
		{34D2105A-697A-4B90-8CAC-C0E0CE96BC2D}.Release|Any CPU.Build.0 = Release|Any CPU
		{7D5A0A15-3BDF-4559-B56F-91E4F9B01AAC}.Debug|Any CPU.ActiveCfg = Debug|Any CPU
		{7D5A0A15-3BDF-4559-B56F-91E4F9B01AAC}.Debug|Any CPU.Build.0 = Debug|Any CPU
		{7D5A0A15-3BDF-4559-B56F-91E4F9B01AAC}.Release|Any CPU.ActiveCfg = Release|Any CPU
		{7D5A0A15-3BDF-4559-B56F-91E4F9B01AAC}.Release|Any CPU.Build.0 = Release|Any CPU
		{A5273C35-4AD9-4888-80E2-F1427A2C2B79}.Debug|Any CPU.ActiveCfg = Debug|Any CPU
		{A5273C35-4AD9-4888-80E2-F1427A2C2B79}.Debug|Any CPU.Build.0 = Debug|Any CPU
		{A5273C35-4AD9-4888-80E2-F1427A2C2B79}.Release|Any CPU.ActiveCfg = Release|Any CPU
		{A5273C35-4AD9-4888-80E2-F1427A2C2B79}.Release|Any CPU.Build.0 = Release|Any CPU
		{3E13A2F5-C7D4-4FF2-AE82-EA88AA2884BF}.Debug|Any CPU.ActiveCfg = Debug|Any CPU
		{3E13A2F5-C7D4-4FF2-AE82-EA88AA2884BF}.Debug|Any CPU.Build.0 = Debug|Any CPU
		{3E13A2F5-C7D4-4FF2-AE82-EA88AA2884BF}.Release|Any CPU.ActiveCfg = Release|Any CPU
		{3E13A2F5-C7D4-4FF2-AE82-EA88AA2884BF}.Release|Any CPU.Build.0 = Release|Any CPU
		{AE2F4884-4B49-4823-8DA6-3B15B063643E}.Debug|Any CPU.ActiveCfg = Debug|Any CPU
		{AE2F4884-4B49-4823-8DA6-3B15B063643E}.Debug|Any CPU.Build.0 = Debug|Any CPU
		{AE2F4884-4B49-4823-8DA6-3B15B063643E}.Release|Any CPU.ActiveCfg = Release|Any CPU
		{AE2F4884-4B49-4823-8DA6-3B15B063643E}.Release|Any CPU.Build.0 = Release|Any CPU
		{1C41934D-DF50-411E-A1CB-508FE74B4C67}.Debug|Any CPU.ActiveCfg = Debug|Any CPU
		{1C41934D-DF50-411E-A1CB-508FE74B4C67}.Debug|Any CPU.Build.0 = Debug|Any CPU
		{1C41934D-DF50-411E-A1CB-508FE74B4C67}.Release|Any CPU.ActiveCfg = Release|Any CPU
		{1C41934D-DF50-411E-A1CB-508FE74B4C67}.Release|Any CPU.Build.0 = Release|Any CPU
		{9B9BF3EE-41FF-497E-96E2-A5961F42C036}.Debug|Any CPU.ActiveCfg = Debug|Any CPU
		{9B9BF3EE-41FF-497E-96E2-A5961F42C036}.Debug|Any CPU.Build.0 = Debug|Any CPU
		{9B9BF3EE-41FF-497E-96E2-A5961F42C036}.Release|Any CPU.ActiveCfg = Release|Any CPU
		{9B9BF3EE-41FF-497E-96E2-A5961F42C036}.Release|Any CPU.Build.0 = Release|Any CPU
		{EC230635-8F74-4132-A6EE-2E1B23D13196}.Debug|Any CPU.ActiveCfg = Debug|Any CPU
		{EC230635-8F74-4132-A6EE-2E1B23D13196}.Debug|Any CPU.Build.0 = Debug|Any CPU
		{EC230635-8F74-4132-A6EE-2E1B23D13196}.Release|Any CPU.ActiveCfg = Release|Any CPU
		{EC230635-8F74-4132-A6EE-2E1B23D13196}.Release|Any CPU.Build.0 = Release|Any CPU
		{B7BA1DF3-996C-4B67-97F3-351300CA85BB}.Debug|Any CPU.ActiveCfg = Debug|Any CPU
		{B7BA1DF3-996C-4B67-97F3-351300CA85BB}.Debug|Any CPU.Build.0 = Debug|Any CPU
		{B7BA1DF3-996C-4B67-97F3-351300CA85BB}.Release|Any CPU.ActiveCfg = Release|Any CPU
		{B7BA1DF3-996C-4B67-97F3-351300CA85BB}.Release|Any CPU.Build.0 = Release|Any CPU
		{F830E16B-2207-4C42-A933-3223680A2A1D}.Debug|Any CPU.ActiveCfg = Debug|Any CPU
		{F830E16B-2207-4C42-A933-3223680A2A1D}.Debug|Any CPU.Build.0 = Debug|Any CPU
		{F830E16B-2207-4C42-A933-3223680A2A1D}.Release|Any CPU.ActiveCfg = Release|Any CPU
		{F830E16B-2207-4C42-A933-3223680A2A1D}.Release|Any CPU.Build.0 = Release|Any CPU
		{432954CB-B4C6-4C7C-B47B-CD70CEAEE24B}.Debug|Any CPU.ActiveCfg = Debug|Any CPU
		{432954CB-B4C6-4C7C-B47B-CD70CEAEE24B}.Debug|Any CPU.Build.0 = Debug|Any CPU
		{432954CB-B4C6-4C7C-B47B-CD70CEAEE24B}.Release|Any CPU.ActiveCfg = Release|Any CPU
		{432954CB-B4C6-4C7C-B47B-CD70CEAEE24B}.Release|Any CPU.Build.0 = Release|Any CPU
		{A9DD6565-F34C-4D08-BC8E-51172A3985AE}.Debug|Any CPU.ActiveCfg = Debug|Any CPU
		{A9DD6565-F34C-4D08-BC8E-51172A3985AE}.Debug|Any CPU.Build.0 = Debug|Any CPU
		{A9DD6565-F34C-4D08-BC8E-51172A3985AE}.Release|Any CPU.ActiveCfg = Release|Any CPU
		{A9DD6565-F34C-4D08-BC8E-51172A3985AE}.Release|Any CPU.Build.0 = Release|Any CPU
		{16B45F22-523A-4EC5-AA00-E8CFDB7CB036}.Debug|Any CPU.ActiveCfg = Debug|Any CPU
		{16B45F22-523A-4EC5-AA00-E8CFDB7CB036}.Debug|Any CPU.Build.0 = Debug|Any CPU
		{16B45F22-523A-4EC5-AA00-E8CFDB7CB036}.Release|Any CPU.ActiveCfg = Release|Any CPU
		{16B45F22-523A-4EC5-AA00-E8CFDB7CB036}.Release|Any CPU.Build.0 = Release|Any CPU
		{A774B381-21C5-471B-B572-8E17A0A43F80}.Debug|Any CPU.ActiveCfg = Debug|Any CPU
		{A774B381-21C5-471B-B572-8E17A0A43F80}.Debug|Any CPU.Build.0 = Debug|Any CPU
		{A774B381-21C5-471B-B572-8E17A0A43F80}.Release|Any CPU.ActiveCfg = Release|Any CPU
		{A774B381-21C5-471B-B572-8E17A0A43F80}.Release|Any CPU.Build.0 = Release|Any CPU
		{603D5BAA-DF94-4904-A143-0D14C29F5B3E}.Debug|Any CPU.ActiveCfg = Debug|Any CPU
		{603D5BAA-DF94-4904-A143-0D14C29F5B3E}.Debug|Any CPU.Build.0 = Debug|Any CPU
		{603D5BAA-DF94-4904-A143-0D14C29F5B3E}.Release|Any CPU.ActiveCfg = Release|Any CPU
		{603D5BAA-DF94-4904-A143-0D14C29F5B3E}.Release|Any CPU.Build.0 = Release|Any CPU
		{BA8489D8-D62C-45B3-A063-C627F2B3A3A2}.Debug|Any CPU.ActiveCfg = Debug|Any CPU
		{BA8489D8-D62C-45B3-A063-C627F2B3A3A2}.Debug|Any CPU.Build.0 = Debug|Any CPU
		{BA8489D8-D62C-45B3-A063-C627F2B3A3A2}.Release|Any CPU.ActiveCfg = Release|Any CPU
		{BA8489D8-D62C-45B3-A063-C627F2B3A3A2}.Release|Any CPU.Build.0 = Release|Any CPU
		{2AE72780-9BF6-4F2A-8AC9-45A3ACB12E2C}.Debug|Any CPU.ActiveCfg = Debug|Any CPU
		{2AE72780-9BF6-4F2A-8AC9-45A3ACB12E2C}.Debug|Any CPU.Build.0 = Debug|Any CPU
		{2AE72780-9BF6-4F2A-8AC9-45A3ACB12E2C}.Release|Any CPU.ActiveCfg = Release|Any CPU
		{2AE72780-9BF6-4F2A-8AC9-45A3ACB12E2C}.Release|Any CPU.Build.0 = Release|Any CPU
		{BDC74C5B-3EB7-477B-96FF-471A9F5815BD}.Debug|Any CPU.ActiveCfg = Debug|Any CPU
		{BDC74C5B-3EB7-477B-96FF-471A9F5815BD}.Debug|Any CPU.Build.0 = Debug|Any CPU
		{BDC74C5B-3EB7-477B-96FF-471A9F5815BD}.Release|Any CPU.ActiveCfg = Release|Any CPU
		{BDC74C5B-3EB7-477B-96FF-471A9F5815BD}.Release|Any CPU.Build.0 = Release|Any CPU
		{3A1132E6-5DC5-4912-8212-4D4E2F44D7E9}.Debug|Any CPU.ActiveCfg = Debug|Any CPU
		{3A1132E6-5DC5-4912-8212-4D4E2F44D7E9}.Debug|Any CPU.Build.0 = Debug|Any CPU
		{3A1132E6-5DC5-4912-8212-4D4E2F44D7E9}.Release|Any CPU.ActiveCfg = Release|Any CPU
		{3A1132E6-5DC5-4912-8212-4D4E2F44D7E9}.Release|Any CPU.Build.0 = Release|Any CPU
		{D47F52D8-1FAC-45B9-8A0A-C04B9E7A9285}.Debug|Any CPU.ActiveCfg = Debug|Any CPU
		{D47F52D8-1FAC-45B9-8A0A-C04B9E7A9285}.Debug|Any CPU.Build.0 = Debug|Any CPU
		{D47F52D8-1FAC-45B9-8A0A-C04B9E7A9285}.Release|Any CPU.ActiveCfg = Release|Any CPU
		{D47F52D8-1FAC-45B9-8A0A-C04B9E7A9285}.Release|Any CPU.Build.0 = Release|Any CPU
		{B1614F1C-974F-4674-BDA5-224CC7C01C24}.Debug|Any CPU.ActiveCfg = Debug|Any CPU
		{B1614F1C-974F-4674-BDA5-224CC7C01C24}.Debug|Any CPU.Build.0 = Debug|Any CPU
		{B1614F1C-974F-4674-BDA5-224CC7C01C24}.Release|Any CPU.ActiveCfg = Release|Any CPU
		{B1614F1C-974F-4674-BDA5-224CC7C01C24}.Release|Any CPU.Build.0 = Release|Any CPU
		{A2A90468-D7F4-47B1-93AE-8972F98F54EC}.Debug|Any CPU.ActiveCfg = Debug|Any CPU
		{A2A90468-D7F4-47B1-93AE-8972F98F54EC}.Debug|Any CPU.Build.0 = Debug|Any CPU
		{A2A90468-D7F4-47B1-93AE-8972F98F54EC}.Release|Any CPU.ActiveCfg = Release|Any CPU
		{A2A90468-D7F4-47B1-93AE-8972F98F54EC}.Release|Any CPU.Build.0 = Release|Any CPU
		{C9826F09-CD81-4633-ADC0-D3FFE0B87D23}.Debug|Any CPU.ActiveCfg = Debug|Any CPU
		{C9826F09-CD81-4633-ADC0-D3FFE0B87D23}.Debug|Any CPU.Build.0 = Debug|Any CPU
		{C9826F09-CD81-4633-ADC0-D3FFE0B87D23}.Release|Any CPU.ActiveCfg = Release|Any CPU
		{C9826F09-CD81-4633-ADC0-D3FFE0B87D23}.Release|Any CPU.Build.0 = Release|Any CPU
		{07D53717-62E1-4A10-BA17-0D93A8012987}.Debug|Any CPU.ActiveCfg = Debug|Any CPU
		{07D53717-62E1-4A10-BA17-0D93A8012987}.Debug|Any CPU.Build.0 = Debug|Any CPU
		{07D53717-62E1-4A10-BA17-0D93A8012987}.Release|Any CPU.ActiveCfg = Release|Any CPU
		{07D53717-62E1-4A10-BA17-0D93A8012987}.Release|Any CPU.Build.0 = Release|Any CPU
		{2399B952-A452-40F6-A86B-2F3771D61F8C}.Debug|Any CPU.ActiveCfg = Debug|Any CPU
		{2399B952-A452-40F6-A86B-2F3771D61F8C}.Debug|Any CPU.Build.0 = Debug|Any CPU
		{2399B952-A452-40F6-A86B-2F3771D61F8C}.Release|Any CPU.ActiveCfg = Release|Any CPU
		{2399B952-A452-40F6-A86B-2F3771D61F8C}.Release|Any CPU.Build.0 = Release|Any CPU
		{F1A87775-126D-475A-9F7C-EFF61653EC3F}.Debug|Any CPU.ActiveCfg = Debug|Any CPU
		{F1A87775-126D-475A-9F7C-EFF61653EC3F}.Debug|Any CPU.Build.0 = Debug|Any CPU
		{F1A87775-126D-475A-9F7C-EFF61653EC3F}.Release|Any CPU.ActiveCfg = Release|Any CPU
		{F1A87775-126D-475A-9F7C-EFF61653EC3F}.Release|Any CPU.Build.0 = Release|Any CPU
		{9AF07DDA-05BD-4F22-9A36-7E97F48C5026}.Debug|Any CPU.ActiveCfg = Debug|Any CPU
		{9AF07DDA-05BD-4F22-9A36-7E97F48C5026}.Debug|Any CPU.Build.0 = Debug|Any CPU
		{9AF07DDA-05BD-4F22-9A36-7E97F48C5026}.Release|Any CPU.ActiveCfg = Release|Any CPU
		{9AF07DDA-05BD-4F22-9A36-7E97F48C5026}.Release|Any CPU.Build.0 = Release|Any CPU
		{676BC792-223E-4E63-AC25-A2A544B581A4}.Debug|Any CPU.ActiveCfg = Debug|Any CPU
		{676BC792-223E-4E63-AC25-A2A544B581A4}.Debug|Any CPU.Build.0 = Debug|Any CPU
		{676BC792-223E-4E63-AC25-A2A544B581A4}.Release|Any CPU.ActiveCfg = Release|Any CPU
		{676BC792-223E-4E63-AC25-A2A544B581A4}.Release|Any CPU.Build.0 = Release|Any CPU
	EndGlobalSection
	GlobalSection(SolutionProperties) = preSolution
		HideSolutionNode = FALSE
	EndGlobalSection
	GlobalSection(NestedProjects) = preSolution
		{B284ACEC-71A7-47FA-A6AA-F591E86B7DA7} = {1DCEBEC7-D2C2-48AF-885C-A73C21EA9B03}
		{BFF5F0A5-6DB0-4BD4-ACD7-DE2350430F51} = {B284ACEC-71A7-47FA-A6AA-F591E86B7DA7}
		{7D645DF5-D61D-4768-AE36-CB16F2D365EB} = {1CDA424A-9E8C-45EC-87A5-E41974578A6F}
		{34D2105A-697A-4B90-8CAC-C0E0CE96BC2D} = {D7C9F7E1-F74B-4262-963A-F5E2C59210A1}
		{7D5A0A15-3BDF-4559-B56F-91E4F9B01AAC} = {D7C9F7E1-F74B-4262-963A-F5E2C59210A1}
		{E08C0022-5E75-43A5-A275-4093AD67AFE1} = {EDF3E74C-7B27-483A-AE6F-D6D2DD04C926}
		{A5273C35-4AD9-4888-80E2-F1427A2C2B79} = {E08C0022-5E75-43A5-A275-4093AD67AFE1}
		{554C4964-EFB3-49BE-9DCD-A497BF1826E2} = {7C05CBAA-DC1F-4C88-AA68-A6D75FB4FDBA}
		{3E13A2F5-C7D4-4FF2-AE82-EA88AA2884BF} = {554C4964-EFB3-49BE-9DCD-A497BF1826E2}
		{AE2F4884-4B49-4823-8DA6-3B15B063643E} = {554C4964-EFB3-49BE-9DCD-A497BF1826E2}
		{4E505499-A785-4CB4-9F65-F65600D56757} = {828B3AA9-4B53-48DE-9698-CB28DEB054E8}
		{1C41934D-DF50-411E-A1CB-508FE74B4C67} = {4E505499-A785-4CB4-9F65-F65600D56757}
		{9B9BF3EE-41FF-497E-96E2-A5961F42C036} = {4E505499-A785-4CB4-9F65-F65600D56757}
		{6344FBF9-3E4D-4EE3-8527-0241B10FC0FC} = {828B3AA9-4B53-48DE-9698-CB28DEB054E8}
		{EC230635-8F74-4132-A6EE-2E1B23D13196} = {6344FBF9-3E4D-4EE3-8527-0241B10FC0FC}
		{B7BA1DF3-996C-4B67-97F3-351300CA85BB} = {6344FBF9-3E4D-4EE3-8527-0241B10FC0FC}
		{F830E16B-2207-4C42-A933-3223680A2A1D} = {6344FBF9-3E4D-4EE3-8527-0241B10FC0FC}
		{F1A3729A-B70D-41F0-BFDB-9365F8055D18} = {828B3AA9-4B53-48DE-9698-CB28DEB054E8}
		{432954CB-B4C6-4C7C-B47B-CD70CEAEE24B} = {F1A3729A-B70D-41F0-BFDB-9365F8055D18}
		{A9DD6565-F34C-4D08-BC8E-51172A3985AE} = {828B3AA9-4B53-48DE-9698-CB28DEB054E8}
		{6F4C71DE-A002-4DA0-8ABA-89167FC6E8AC} = {828B3AA9-4B53-48DE-9698-CB28DEB054E8}
		{16B45F22-523A-4EC5-AA00-E8CFDB7CB036} = {6F4C71DE-A002-4DA0-8ABA-89167FC6E8AC}
		{A774B381-21C5-471B-B572-8E17A0A43F80} = {6F4C71DE-A002-4DA0-8ABA-89167FC6E8AC}
		{603D5BAA-DF94-4904-A143-0D14C29F5B3E} = {6F4C71DE-A002-4DA0-8ABA-89167FC6E8AC}
		{BA8489D8-D62C-45B3-A063-C627F2B3A3A2} = {6F4C71DE-A002-4DA0-8ABA-89167FC6E8AC}
		{E8DDEAF7-6B7A-43F2-9888-6E011C92DD05} = {EA6BC770-69DF-4B33-87A3-AECBE6874A6F}
		{2AE72780-9BF6-4F2A-8AC9-45A3ACB12E2C} = {E8DDEAF7-6B7A-43F2-9888-6E011C92DD05}
		{0F02CA9E-53D8-4254-8786-A512C030A203} = {828B3AA9-4B53-48DE-9698-CB28DEB054E8}
		{A10AF286-AE83-493E-B834-192AA35594B5} = {0F02CA9E-53D8-4254-8786-A512C030A203}
		{BDC74C5B-3EB7-477B-96FF-471A9F5815BD} = {A10AF286-AE83-493E-B834-192AA35594B5}
		{95A45251-3F88-4B5F-9E0F-F1FD04B4F4FF} = {0F02CA9E-53D8-4254-8786-A512C030A203}
		{3A1132E6-5DC5-4912-8212-4D4E2F44D7E9} = {95A45251-3F88-4B5F-9E0F-F1FD04B4F4FF}
		{D47F52D8-1FAC-45B9-8A0A-C04B9E7A9285} = {E8DDEAF7-6B7A-43F2-9888-6E011C92DD05}
		{B1614F1C-974F-4674-BDA5-224CC7C01C24} = {95A45251-3F88-4B5F-9E0F-F1FD04B4F4FF}
		{A2A90468-D7F4-47B1-93AE-8972F98F54EC} = {828B3AA9-4B53-48DE-9698-CB28DEB054E8}
		{28F728EF-1A6A-4CA7-9B4F-D0214A2854BC} = {7C05CBAA-DC1F-4C88-AA68-A6D75FB4FDBA}
		{C9826F09-CD81-4633-ADC0-D3FFE0B87D23} = {28F728EF-1A6A-4CA7-9B4F-D0214A2854BC}
		{99CB7799-DC3F-4792-B561-0529E1B6A6F3} = {828B3AA9-4B53-48DE-9698-CB28DEB054E8}
		{07D53717-62E1-4A10-BA17-0D93A8012987} = {99CB7799-DC3F-4792-B561-0529E1B6A6F3}
		{2399B952-A452-40F6-A86B-2F3771D61F8C} = {7C05CBAA-DC1F-4C88-AA68-A6D75FB4FDBA}
		{C64C0822-F628-4BDE-B2BF-CF20FE31E8D6} = {271F5C6C-D9AF-4BB8-BF4A-D7BF6D8C3853}
		{F1A87775-126D-475A-9F7C-EFF61653EC3F} = {C64C0822-F628-4BDE-B2BF-CF20FE31E8D6}
		{9AF07DDA-05BD-4F22-9A36-7E97F48C5026} = {99CB7799-DC3F-4792-B561-0529E1B6A6F3}
		{676BC792-223E-4E63-AC25-A2A544B581A4} = {99CB7799-DC3F-4792-B561-0529E1B6A6F3}
	EndGlobalSection
	GlobalSection(ExtensibilityGlobals) = postSolution
		SolutionGuid = {0F73E925-277D-47A3-B8DA-6B406F5CE3AD}
	EndGlobalSection
EndGlobal
